{
  "name": "documentation",
  "version": "2.0.1",
  "lockfileVersion": 3,
  "requires": true,
  "packages": {
    "": {
      "name": "documentation",
      "version": "2.0.1",
      "license": "Image-Charts©",
      "dependencies": {
        "custom-env": "^2.0.1",
        "lodash": "^4.17.19"
      },
      "devDependencies": {}
    },
    "node_modules/custom-env": {
      "version": "2.0.1",
      "resolved": "https://registry.npmjs.org/custom-env/-/custom-env-2.0.1.tgz",
      "integrity": "sha512-gVv19DBDuTQ8MM/WPlf8025Aa46Aqmfrr/kDxyDfXWe5t7C3+OgBsuhrsXTKQ4hGo+z1OuuaOQnhgTWIpvrz+w==",
      "dependencies": {
        "dotenv": "*",
        "dotenv-expand": "^5.0.0"
      }
    },
    "node_modules/dotenv": {
      "version": "8.2.0",
      "resolved": "https://registry.npmjs.org/dotenv/-/dotenv-8.2.0.tgz",
      "integrity": "sha512-8sJ78ElpbDJBHNeBzUbUVLsqKdccaa/BXF1uPTw3GrvQTBgrQrtObr2mUrE38vzYd8cEv+m/JBfDLioYcfXoaw==",
      "engines": {
        "node": ">=8"
      }
    },
    "node_modules/dotenv-expand": {
      "version": "5.1.0",
      "resolved": "https://registry.npmjs.org/dotenv-expand/-/dotenv-expand-5.1.0.tgz",
      "integrity": "sha512-YXQl1DSa4/PQyRfgrv6aoNjhasp/p4qs9FjJ4q4cQk+8m4r6k4ZSiEyytKG8f8W9gi8WsQtIObNmKd+tMzNTmA=="
    },
    "node_modules/lodash": {
      "version": "4.17.19",
      "resolved": "https://registry.npmjs.org/lodash/-/lodash-4.17.19.tgz",
      "integrity": "sha512-JNvd8XER9GQX0v2qJgsaN/mzFCNA5BRe/j8JN9d+tWyGLSodKQHKFicdwNYzWwI3wjRnaKPsGj1XkBjx/F96DQ=="
    }
  }
}
